
Microsoft Visual Studio Solution File, Format Version 12.00
Project("{FAE04EC0-301F-11D3-BF4B-00C04F79EFBC}") = "StructConvert", "StructConvert\StructConvert.csproj", "{7D139A34-F3F9-4031-92B9-12E902DABC2A}"
EndProject
Global
	GlobalSection(SolutionConfigurationPlatforms) = preSolution
		Debug|Any CPU = Debug|Any CPU
		Release|Any CPU = Release|Any CPU
	EndGlobalSection
	GlobalSection(ProjectConfigurationPlatforms) = postSolution
		{7D139A34-F3F9-4031-92B9-12E902DABC2A}.Debug|Any CPU.ActiveCfg = Debug|Any CPU
		{7D139A34-F3F9-4031-92B9-12E902DABC2A}.Debug|Any CPU.Build.0 = Debug|Any CPU
		{7D139A34-F3F9-4031-92B9-12E902DABC2A}.Release|Any CPU.ActiveCfg = Release|Any CPU
		{7D139A34-F3F9-4031-92B9-12E902DABC2A}.Release|Any CPU.Build.0 = Release|Any CPU
	EndGlobalSection
EndGlobal
